
Microsoft Visual Studio Solution File, Format Version 12.00
# Visual Studio Version 17
VisualStudioVersion = 17.8.34309.116
MinimumVisualStudioVersion = 10.0.40219.1
Project("{9A19103F-16F7-4668-BE54-9A1E7A4F7556}") = "Car-Rental-Service-API", "Car-Rental-Service-API\Car-Rental-Service-API.csproj", "{87BFB60A-CACB-44A1-9F8A-FE264FD35877}"
EndProject
Project("{FAE04EC0-301F-11D3-BF4B-00C04F79EFBC}") = "Car-Rental-Service-API-Tests", "Car-Rental-Service-API-Tests\Car-Rental-Service-API-Tests.csproj", "{22777C7C-7545-4FB2-9887-FA7FE712D787}"
EndProject
Global
	GlobalSection(SolutionConfigurationPlatforms) = preSolution
		Debug|Any CPU = Debug|Any CPU
		Release|Any CPU = Release|Any CPU
	EndGlobalSection
	GlobalSection(ProjectConfigurationPlatforms) = postSolution
		{87BFB60A-CACB-44A1-9F8A-FE264FD35877}.Debug|Any CPU.ActiveCfg = Debug|Any CPU
		{87BFB60A-CACB-44A1-9F8A-FE264FD35877}.Debug|Any CPU.Build.0 = Debug|Any CPU
		{87BFB60A-CACB-44A1-9F8A-FE264FD35877}.Release|Any CPU.ActiveCfg = Release|Any CPU
		{87BFB60A-CACB-44A1-9F8A-FE264FD35877}.Release|Any CPU.Build.0 = Release|Any CPU
		{22777C7C-7545-4FB2-9887-FA7FE712D787}.Debug|Any CPU.ActiveCfg = Debug|Any CPU
		{22777C7C-7545-4FB2-9887-FA7FE712D787}.Debug|Any CPU.Build.0 = Debug|Any CPU
		{22777C7C-7545-4FB2-9887-FA7FE712D787}.Release|Any CPU.ActiveCfg = Release|Any CPU
		{22777C7C-7545-4FB2-9887-FA7FE712D787}.Release|Any CPU.Build.0 = Release|Any CPU
	EndGlobalSection
	GlobalSection(SolutionProperties) = preSolution
		HideSolutionNode = FALSE
	EndGlobalSection
	GlobalSection(ExtensibilityGlobals) = postSolution
		SolutionGuid = {87B9CC14-5E65-4E99-9792-D315CB3DE369}
	EndGlobalSection
EndGlobal
